
Microsoft Visual Studio Solution File, Format Version 12.00
# Visual Studio Version 16
VisualStudioVersion = 16.0.28922.388
MinimumVisualStudioVersion = 10.0.40219.1
Project("{FAE04EC0-301F-11D3-BF4B-00C04F79EFBC}") = "JWT-Login-System", "JWT-Login-System.csproj", "{EE66B07A-9607-4DA7-9903-1AA12BF31393}"
EndProject
Project("{FAE04EC0-301F-11D3-BF4B-00C04F79EFBC}") = "App", "..\App\App.csproj", "{EDF14665-BAB0-41BA-A2FA-FA432D397EF3}"
EndProject
Global
	GlobalSection(SolutionConfigurationPlatforms) = preSolution
		Debug|Any CPU = Debug|Any CPU
		Release|Any CPU = Release|Any CPU
	EndGlobalSection
	GlobalSection(ProjectConfigurationPlatforms) = postSolution
		{EE66B07A-9607-4DA7-9903-1AA12BF31393}.Debug|Any CPU.ActiveCfg = Debug|Any CPU
		{EE66B07A-9607-4DA7-9903-1AA12BF31393}.Debug|Any CPU.Build.0 = Debug|Any CPU
		{EE66B07A-9607-4DA7-9903-1AA12BF31393}.Release|Any CPU.ActiveCfg = Release|Any CPU
		{EE66B07A-9607-4DA7-9903-1AA12BF31393}.Release|Any CPU.Build.0 = Release|Any CPU
		{EDF14665-BAB0-41BA-A2FA-FA432D397EF3}.Debug|Any CPU.ActiveCfg = Debug|Any CPU
		{EDF14665-BAB0-41BA-A2FA-FA432D397EF3}.Debug|Any CPU.Build.0 = Debug|Any CPU
		{EDF14665-BAB0-41BA-A2FA-FA432D397EF3}.Release|Any CPU.ActiveCfg = Release|Any CPU
		{EDF14665-BAB0-41BA-A2FA-FA432D397EF3}.Release|Any CPU.Build.0 = Release|Any CPU
	EndGlobalSection
	GlobalSection(SolutionProperties) = preSolution
		HideSolutionNode = FALSE
	EndGlobalSection
	GlobalSection(ExtensibilityGlobals) = postSolution
		SolutionGuid = {AD2564D3-AC3D-4870-B85B-DD9A265FBEE6}
	EndGlobalSection
EndGlobal
